{
  "name": "vite-plugin-real-hmr",
  "version": "0.0.1",
  "lockfileVersion": 3,
  "requires": true,
  "packages": {
    "": {
      "name": "vite-plugin-real-hmr",
      "version": "0.0.1",
      "license": "ISC",
      "dependencies": {
        "vite-plugin-real-hmr": "^0.0.1"
      },
      "devDependencies": {
        "rollup": "^3.26.3"
      }
    },
    "node_modules/fsevents": {
      "version": "2.3.2",
      "resolved": "https://registry.npmjs.org/fsevents/-/fsevents-2.3.2.tgz",
      "integrity": "sha512-xiqMQR4xAeHTuB9uWm+fFRcIOgKBMiOBP+eXiyT7jsgVCq1bkVygt00oASowB7EdtpOHaaPgKt812P9ab+DDKA==",
      "dev": true,
      "hasInstallScript": true,
      "optional": true,
      "os": [
        "darwin"
      ],
      "engines": {
        "node": "^8.16.0 || ^10.6.0 || >=11.0.0"
      }
    },
    "node_modules/rollup": {
      "version": "3.26.3",
      "resolved": "https://registry.npmjs.org/rollup/-/rollup-3.26.3.tgz",
      "integrity": "sha512-7Tin0C8l86TkpcMtXvQu6saWH93nhG3dGQ1/+l5V2TDMceTxO7kDiK6GzbfLWNNxqJXm591PcEZUozZm51ogwQ==",
      "dev": true,
      "bin": {
        "rollup": "dist/bin/rollup"
      },
      "engines": {
        "node": ">=14.18.0",
        "npm": ">=8.0.0"
      },
      "optionalDependencies": {
        "fsevents": "~2.3.2"
      }
    },
    "node_modules/vite-plugin-real-hmr": {
      "version": "0.0.1",
      "resolved": "https://registry.npmjs.org/vite-plugin-real-hmr/-/vite-plugin-real-hmr-0.0.1.tgz",
      "integrity": "sha512-GNSwPDuCkTY6Tt0gHxsg7AtpsFLHV2OgrDLeM1qS9GdwwMmU1/qmuhiinwatgX6y2i6jxSBcK3O6pIVPSS6PBw=="
    }
  }
}
